// !$*UTF8*$!
{
	archiveVersion = 1;
	classes = {
	};
	objectVersion = 51;
	objects = {

/* Begin PBXBuildFile section */
		687F5A1B27216E9D00288E61 /* AppDelegate.swift in Sources */ = {isa = PBXBuildFile; fileRef = 687F5A1A27216E9D00288E61 /* AppDelegate.swift */; };
		687F5A1D27216E9D00288E61 /* SceneDelegate.swift in Sources */ = {isa = PBXBuildFile; fileRef = 687F5A1C27216E9D00288E61 /* SceneDelegate.swift */; };
		687F5A1F27216E9D00288E61 /* LoginViewController.swift in Sources */ = {isa = PBXBuildFile; fileRef = 687F5A1E27216E9D00288E61 /* LoginViewController.swift */; };
		687F5A2227216E9D00288E61 /* Main.storyboard in Resources */ = {isa = PBXBuildFile; fileRef = 687F5A2027216E9D00288E61 /* Main.storyboard */; };
		687F5A2427216E9D00288E61 /* Assets.xcassets in Resources */ = {isa = PBXBuildFile; fileRef = 687F5A2327216E9D00288E61 /* Assets.xcassets */; };
		687F5A2727216E9D00288E61 /* LaunchScreen.storyboard in Resources */ = {isa = PBXBuildFile; fileRef = 687F5A2527216E9D00288E61 /* LaunchScreen.storyboard */; };
		68AFABBC2722F94D00F15659 /* client_500159069581-el3csr571ui6mi1jugnqhicvfv61u17g.apps.googleusercontent.com.plist in Resources */ = {isa = PBXBuildFile; fileRef = 68AFABBB2722F94D00F15659 /* client_500159069581-el3csr571ui6mi1jugnqhicvfv61u17g.apps.googleusercontent.com.plist */; };
		FA25E518EE01C813904D9A96 /* Pods_CheckMoney.framework in Frameworks */ = {isa = PBXBuildFile; fileRef = 95A426456D5D66B8B8ECE2C6 /* Pods_CheckMoney.framework */; };
/* End PBXBuildFile section */

/* Begin PBXFileReference section */
		044AA87670E7AE7F0C20139E /* Pods-CheckMoney.debug.xcconfig */ = {isa = PBXFileReference; includeInIndex = 1; lastKnownFileType = text.xcconfig; name = "Pods-CheckMoney.debug.xcconfig"; path = "Target Support Files/Pods-CheckMoney/Pods-CheckMoney.debug.xcconfig"; sourceTree = "<group>"; };
		687F5A1727216E9D00288E61 /* CheckMoney.app */ = {isa = PBXFileReference; explicitFileType = wrapper.application; includeInIndex = 0; path = CheckMoney.app; sourceTree = BUILT_PRODUCTS_DIR; };
		687F5A1A27216E9D00288E61 /* AppDelegate.swift */ = {isa = PBXFileReference; lastKnownFileType = sourcecode.swift; path = AppDelegate.swift; sourceTree = "<group>"; };
		687F5A1C27216E9D00288E61 /* SceneDelegate.swift */ = {isa = PBXFileReference; lastKnownFileType = sourcecode.swift; path = SceneDelegate.swift; sourceTree = "<group>"; };
		687F5A1E27216E9D00288E61 /* LoginViewController.swift */ = {isa = PBXFileReference; lastKnownFileType = sourcecode.swift; path = LoginViewController.swift; sourceTree = "<group>"; };
		687F5A2127216E9D00288E61 /* Base */ = {isa = PBXFileReference; lastKnownFileType = file.storyboard; name = Base; path = Base.lproj/Main.storyboard; sourceTree = "<group>"; };
		687F5A2327216E9D00288E61 /* Assets.xcassets */ = {isa = PBXFileReference; lastKnownFileType = folder.assetcatalog; path = Assets.xcassets; sourceTree = "<group>"; };
		687F5A2627216E9D00288E61 /* Base */ = {isa = PBXFileReference; lastKnownFileType = file.storyboard; name = Base; path = Base.lproj/LaunchScreen.storyboard; sourceTree = "<group>"; };
		687F5A2827216E9D00288E61 /* Info.plist */ = {isa = PBXFileReference; lastKnownFileType = text.plist.xml; path = Info.plist; sourceTree = "<group>"; };
		68AFABBB2722F94D00F15659 /* client_500159069581-el3csr571ui6mi1jugnqhicvfv61u17g.apps.googleusercontent.com.plist */ = {isa = PBXFileReference; fileEncoding = 4; lastKnownFileType = text.plist.xml; name = "client_500159069581-el3csr571ui6mi1jugnqhicvfv61u17g.apps.googleusercontent.com.plist"; path = "../../../../Downloads/client_500159069581-el3csr571ui6mi1jugnqhicvfv61u17g.apps.googleusercontent.com.plist"; sourceTree = "<group>"; };
		95A426456D5D66B8B8ECE2C6 /* Pods_CheckMoney.framework */ = {isa = PBXFileReference; explicitFileType = wrapper.framework; includeInIndex = 0; path = Pods_CheckMoney.framework; sourceTree = BUILT_PRODUCTS_DIR; };
		CEA78EA3D8EC0A4761EB28FC /* Pods-CheckMoney.release.xcconfig */ = {isa = PBXFileReference; includeInIndex = 1; lastKnownFileType = text.xcconfig; name = "Pods-CheckMoney.release.xcconfig"; path = "Target Support Files/Pods-CheckMoney/Pods-CheckMoney.release.xcconfig"; sourceTree = "<group>"; };
/* End PBXFileReference section */

/* Begin PBXFrameworksBuildPhase section */
		687F5A1427216E9D00288E61 /* Frameworks */ = {
			isa = PBXFrameworksBuildPhase;
			buildActionMask = 2147483647;
			files = (
				FA25E518EE01C813904D9A96 /* Pods_CheckMoney.framework in Frameworks */,
			);
			runOnlyForDeploymentPostprocessing = 0;
		};
/* End PBXFrameworksBuildPhase section */

/* Begin PBXGroup section */
		353BDC1F37535245BCBC66D1 /* Pods */ = {
			isa = PBXGroup;
			children = (
				044AA87670E7AE7F0C20139E /* Pods-CheckMoney.debug.xcconfig */,
				CEA78EA3D8EC0A4761EB28FC /* Pods-CheckMoney.release.xcconfig */,
			);
			path = Pods;
			sourceTree = "<group>";
		};
		687F5A0E27216E9C00288E61 = {
			isa = PBXGroup;
			children = (
				687F5A1927216E9D00288E61 /* CheckMoney */,
				687F5A1827216E9D00288E61 /* Products */,
				353BDC1F37535245BCBC66D1 /* Pods */,
				F078DDA3E5EFAF387BD2111F /* Frameworks */,
			);
			sourceTree = "<group>";
		};
		687F5A1827216E9D00288E61 /* Products */ = {
			isa = PBXGroup;
			children = (
				687F5A1727216E9D00288E61 /* CheckMoney.app */,
			);
			name = Products;
			sourceTree = "<group>";
		};
		687F5A1927216E9D00288E61 /* CheckMoney */ = {
			isa = PBXGroup;
			children = (
				687F5A1A27216E9D00288E61 /* AppDelegate.swift */,
				687F5A1C27216E9D00288E61 /* SceneDelegate.swift */,
				687F5A1E27216E9D00288E61 /* LoginViewController.swift */,
				687F5A2027216E9D00288E61 /* Main.storyboard */,
				687F5A2327216E9D00288E61 /* Assets.xcassets */,
				687F5A2527216E9D00288E61 /* LaunchScreen.storyboard */,
				687F5A2827216E9D00288E61 /* Info.plist */,
				68AFABBB2722F94D00F15659 /* client_500159069581-el3csr571ui6mi1jugnqhicvfv61u17g.apps.googleusercontent.com.plist */,
			);
			path = CheckMoney;
			sourceTree = "<group>";
		};
		F078DDA3E5EFAF387BD2111F /* Frameworks */ = {
			isa = PBXGroup;
			children = (
				95A426456D5D66B8B8ECE2C6 /* Pods_CheckMoney.framework */,
			);
			name = Frameworks;
			sourceTree = "<group>";
		};
/* End PBXGroup section */

/* Begin PBXNativeTarget section */
		687F5A1627216E9D00288E61 /* CheckMoney */ = {
			isa = PBXNativeTarget;
			buildConfigurationList = 687F5A2B27216E9D00288E61 /* Build configuration list for PBXNativeTarget "CheckMoney" */;
			buildPhases = (
				2FC505FFFD67F35E4C1A8E00 /* [CP] Check Pods Manifest.lock */,
				687F5A1327216E9D00288E61 /* Sources */,
				687F5A1427216E9D00288E61 /* Frameworks */,
				687F5A1527216E9D00288E61 /* Resources */,
				2DD477FDEA17E72EB9F6530E /* [CP] Embed Pods Frameworks */,
			);
			buildRules = (
			);
			dependencies = (
			);
			name = CheckMoney;
			productName = CheckMoney;
			productReference = 687F5A1727216E9D00288E61 /* CheckMoney.app */;
			productType = "com.apple.product-type.application";
		};
/* End PBXNativeTarget section */

/* Begin PBXProject section */
		687F5A0F27216E9C00288E61 /* Project object */ = {
			isa = PBXProject;
			attributes = {
				LastSwiftUpdateCheck = 1250;
				LastUpgradeCheck = 1250;
				TargetAttributes = {
					687F5A1627216E9D00288E61 = {
						CreatedOnToolsVersion = 12.5.1;
					};
				};
			};
			buildConfigurationList = 687F5A1227216E9D00288E61 /* Build configuration list for PBXProject "CheckMoney" */;
			compatibilityVersion = "Xcode 9.3";
			developmentRegion = en;
			hasScannedForEncodings = 0;
			knownRegions = (
				en,
				Base,
			);
			mainGroup = 687F5A0E27216E9C00288E61;
			productRefGroup = 687F5A1827216E9D00288E61 /* Products */;
			projectDirPath = "";
			projectRoot = "";
			targets = (
				687F5A1627216E9D00288E61 /* CheckMoney */,
			);
		};
/* End PBXProject section */

/* Begin PBXResourcesBuildPhase section */
		687F5A1527216E9D00288E61 /* Resources */ = {
			isa = PBXResourcesBuildPhase;
			buildActionMask = 2147483647;
			files = (
				687F5A2727216E9D00288E61 /* LaunchScreen.storyboard in Resources */,
				68AFABBC2722F94D00F15659 /* client_500159069581-el3csr571ui6mi1jugnqhicvfv61u17g.apps.googleusercontent.com.plist in Resources */,
				687F5A2427216E9D00288E61 /* Assets.xcassets in Resources */,
				687F5A2227216E9D00288E61 /* Main.storyboard in Resources */,
			);
			runOnlyForDeploymentPostprocessing = 0;
		};
/* End PBXResourcesBuildPhase section */

/* Begin PBXShellScriptBuildPhase section */
		2DD477FDEA17E72EB9F6530E /* [CP] Embed Pods Frameworks */ = {
			isa = PBXShellScriptBuildPhase;
			buildActionMask = 2147483647;
			files = (
			);
			inputFileListPaths = (
				"${PODS_ROOT}/Target Support Files/Pods-CheckMoney/Pods-CheckMoney-frameworks-${CONFIGURATION}-input-files.xcfilelist",
			);
			name = "[CP] Embed Pods Frameworks";
			outputFileListPaths = (
				"${PODS_ROOT}/Target Support Files/Pods-CheckMoney/Pods-CheckMoney-frameworks-${CONFIGURATION}-output-files.xcfilelist",
			);
			runOnlyForDeploymentPostprocessing = 0;
			shellPath = /bin/sh;
			shellScript = "\"${PODS_ROOT}/Target Support Files/Pods-CheckMoney/Pods-CheckMoney-frameworks.sh\"\n";
			showEnvVarsInLog = 0;
		};
		2FC505FFFD67F35E4C1A8E00 /* [CP] Check Pods Manifest.lock */ = {
			isa = PBXShellScriptBuildPhase;
			buildActionMask = 2147483647;
			files = (
			);
			inputFileListPaths = (
			);
			inputPaths = (
				"${PODS_PODFILE_DIR_PATH}/Podfile.lock",
				"${PODS_ROOT}/Manifest.lock",
			);
			name = "[CP] Check Pods Manifest.lock";
			outputFileListPaths = (
			);
			outputPaths = (
				"$(DERIVED_FILE_DIR)/Pods-CheckMoney-checkManifestLockResult.txt",
			);
			runOnlyForDeploymentPostprocessing = 0;
			shellPath = /bin/sh;
			shellScript = "diff \"${PODS_PODFILE_DIR_PATH}/Podfile.lock\" \"${PODS_ROOT}/Manifest.lock\" > /dev/null\nif [ $? != 0 ] ; then\n    # print error to STDERR\n    echo \"error: The sandbox is not in sync with the Podfile.lock. Run 'pod install' or update your CocoaPods installation.\" >&2\n    exit 1\nfi\n# This output is used by Xcode 'outputs' to avoid re-running this script phase.\necho \"SUCCESS\" > \"${SCRIPT_OUTPUT_FILE_0}\"\n";
			showEnvVarsInLog = 0;
		};
/* End PBXShellScriptBuildPhase section */

/* Begin PBXSourcesBuildPhase section */
		687F5A1327216E9D00288E61 /* Sources */ = {
			isa = PBXSourcesBuildPhase;
			buildActionMask = 2147483647;
			files = (
				687F5A1F27216E9D00288E61 /* LoginViewController.swift in Sources */,
				687F5A1B27216E9D00288E61 /* AppDelegate.swift in Sources */,
				687F5A1D27216E9D00288E61 /* SceneDelegate.swift in Sources */,
			);
			runOnlyForDeploymentPostprocessing = 0;
		};
/* End PBXSourcesBuildPhase section */

/* Begin PBXVariantGroup section */
		687F5A2027216E9D00288E61 /* Main.storyboard */ = {
			isa = PBXVariantGroup;
			children = (
				687F5A2127216E9D00288E61 /* Base */,
			);
			name = Main.storyboard;
			sourceTree = "<group>";
		};
		687F5A2527216E9D00288E61 /* LaunchScreen.storyboard */ = {
			isa = PBXVariantGroup;
			children = (
				687F5A2627216E9D00288E61 /* Base */,
			);
			name = LaunchScreen.storyboard;
			sourceTree = "<group>";
		};
/* End PBXVariantGroup section */

/* Begin XCBuildConfiguration section */
		687F5A2927216E9D00288E61 /* Debug */ = {
			isa = XCBuildConfiguration;
			buildSettings = {
				ALWAYS_SEARCH_USER_PATHS = NO;
				CLANG_ANALYZER_NONNULL = YES;
				CLANG_ANALYZER_NUMBER_OBJECT_CONVERSION = YES_AGGRESSIVE;
				CLANG_CXX_LANGUAGE_STANDARD = "gnu++14";
				CLANG_CXX_LIBRARY = "libc++";
				CLANG_ENABLE_MODULES = YES;
				CLANG_ENABLE_OBJC_ARC = YES;
				CLANG_ENABLE_OBJC_WEAK = YES;
				CLANG_WARN_BLOCK_CAPTURE_AUTORELEASING = YES;
				CLANG_WARN_BOOL_CONVERSION = YES;
				CLANG_WARN_COMMA = YES;
				CLANG_WARN_CONSTANT_CONVERSION = YES;
				CLANG_WARN_DEPRECATED_OBJC_IMPLEMENTATIONS = YES;
				CLANG_WARN_DIRECT_OBJC_ISA_USAGE = YES_ERROR;
				CLANG_WARN_DOCUMENTATION_COMMENTS = YES;
				CLANG_WARN_EMPTY_BODY = YES;
				CLANG_WARN_ENUM_CONVERSION = YES;
				CLANG_WARN_INFINITE_RECURSION = YES;
				CLANG_WARN_INT_CONVERSION = YES;
				CLANG_WARN_NON_LITERAL_NULL_CONVERSION = YES;
				CLANG_WARN_OBJC_IMPLICIT_RETAIN_SELF = YES;
				CLANG_WARN_OBJC_LITERAL_CONVERSION = YES;
				CLANG_WARN_OBJC_ROOT_CLASS = YES_ERROR;
				CLANG_WARN_QUOTED_INCLUDE_IN_FRAMEWORK_HEADER = YES;
				CLANG_WARN_RANGE_LOOP_ANALYSIS = YES;
				CLANG_WARN_STRICT_PROTOTYPES = YES;
				CLANG_WARN_SUSPICIOUS_MOVE = YES;
				CLANG_WARN_UNGUARDED_AVAILABILITY = YES_AGGRESSIVE;
				CLANG_WARN_UNREACHABLE_CODE = YES;
				CLANG_WARN__DUPLICATE_METHOD_MATCH = YES;
				COPY_PHASE_STRIP = NO;
				DEBUG_INFORMATION_FORMAT = dwarf;
				ENABLE_STRICT_OBJC_MSGSEND = YES;
				ENABLE_TESTABILITY = YES;
				GCC_C_LANGUAGE_STANDARD = gnu11;
				GCC_DYNAMIC_NO_PIC = NO;
				GCC_NO_COMMON_BLOCKS = YES;
				GCC_OPTIMIZATION_LEVEL = 0;
				GCC_PREPROCESSOR_DEFINITIONS = (
					"DEBUG=1",
					"$(inherited)",
				);
				GCC_WARN_64_TO_32_BIT_CONVERSION = YES;
				GCC_WARN_ABOUT_RETURN_TYPE = YES_ERROR;
				GCC_WARN_UNDECLARED_SELECTOR = YES;
				GCC_WARN_UNINITIALIZED_AUTOS = YES_AGGRESSIVE;
				GCC_WARN_UNUSED_FUNCTION = YES;
				GCC_WARN_UNUSED_VARIABLE = YES;
				IPHONEOS_DEPLOYMENT_TARGET = 14.5;
				MTL_ENABLE_DEBUG_INFO = INCLUDE_SOURCE;
				MTL_FAST_MATH = YES;
				ONLY_ACTIVE_ARCH = YES;
				SDKROOT = iphoneos;
				SWIFT_ACTIVE_COMPILATION_CONDITIONS = DEBUG;
				SWIFT_OPTIMIZATION_LEVEL = "-Onone";
			};
			name = Debug;
		};
		687F5A2A27216E9D00288E61 /* Release */ = {
			isa = XCBuildConfiguration;
			buildSettings = {
				ALWAYS_SEARCH_USER_PATHS = NO;
				CLANG_ANALYZER_NONNULL = YES;
				CLANG_ANALYZER_NUMBER_OBJECT_CONVERSION = YES_AGGRESSIVE;
				CLANG_CXX_LANGUAGE_STANDARD = "gnu++14";
				CLANG_CXX_LIBRARY = "libc++";
				CLANG_ENABLE_MODULES = YES;
				CLANG_ENABLE_OBJC_ARC = YES;
				CLANG_ENABLE_OBJC_WEAK = YES;
				CLANG_WARN_BLOCK_CAPTURE_AUTORELEASING = YES;
				CLANG_WARN_BOOL_CONVERSION = YES;
				CLANG_WARN_COMMA = YES;
				CLANG_WARN_CONSTANT_CONVERSION = YES;
				CLANG_WARN_DEPRECATED_OBJC_IMPLEMENTATIONS = YES;
				CLANG_WARN_DIRECT_OBJC_ISA_USAGE = YES_ERROR;
				CLANG_WARN_DOCUMENTATION_COMMENTS = YES;
				CLANG_WARN_EMPTY_BODY = YES;
				CLANG_WARN_ENUM_CONVERSION = YES;
				CLANG_WARN_INFINITE_RECURSION = YES;
				CLANG_WARN_INT_CONVERSION = YES;
				CLANG_WARN_NON_LITERAL_NULL_CONVERSION = YES;
				CLANG_WARN_OBJC_IMPLICIT_RETAIN_SELF = YES;
				CLANG_WARN_OBJC_LITERAL_CONVERSION = YES;
				CLANG_WARN_OBJC_ROOT_CLASS = YES_ERROR;
				CLANG_WARN_QUOTED_INCLUDE_IN_FRAMEWORK_HEADER = YES;
				CLANG_WARN_RANGE_LOOP_ANALYSIS = YES;
				CLANG_WARN_STRICT_PROTOTYPES = YES;
				CLANG_WARN_SUSPICIOUS_MOVE = YES;
				CLANG_WARN_UNGUARDED_AVAILABILITY = YES_AGGRESSIVE;
				CLANG_WARN_UNREACHABLE_CODE = YES;
				CLANG_WARN__DUPLICATE_METHOD_MATCH = YES;
				COPY_PHASE_STRIP = NO;
				DEBUG_INFORMATION_FORMAT = "dwarf-with-dsym";
				ENABLE_NS_ASSERTIONS = NO;
				ENABLE_STRICT_OBJC_MSGSEND = YES;
				GCC_C_LANGUAGE_STANDARD = gnu11;
				GCC_NO_COMMON_BLOCKS = YES;
				GCC_WARN_64_TO_32_BIT_CONVERSION = YES;
				GCC_WARN_ABOUT_RETURN_TYPE = YES_ERROR;
				GCC_WARN_UNDECLARED_SELECTOR = YES;
				GCC_WARN_UNINITIALIZED_AUTOS = YES_AGGRESSIVE;
				GCC_WARN_UNUSED_FUNCTION = YES;
				GCC_WARN_UNUSED_VARIABLE = YES;
				IPHONEOS_DEPLOYMENT_TARGET = 14.5;
				MTL_ENABLE_DEBUG_INFO = NO;
				MTL_FAST_MATH = YES;
				SDKROOT = iphoneos;
				SWIFT_COMPILATION_MODE = wholemodule;
				SWIFT_OPTIMIZATION_LEVEL = "-O";
				VALIDATE_PRODUCT = YES;
			};
			name = Release;
		};
		687F5A2C27216E9D00288E61 /* Debug */ = {
			isa = XCBuildConfiguration;
			baseConfigurationReference = 044AA87670E7AE7F0C20139E /* Pods-CheckMoney.debug.xcconfig */;
			buildSettings = {
				ASSETCATALOG_COMPILER_APPICON_NAME = AppIcon;
				ASSETCATALOG_COMPILER_GLOBAL_ACCENT_COLOR_NAME = AccentColor;
				CODE_SIGN_IDENTITY = "Apple Development";
				CODE_SIGN_STYLE = Automatic;
				DEVELOPMENT_TEAM = 5F6YMLHCZC;
				INFOPLIST_FILE = CheckMoney/Info.plist;
				LD_RUNPATH_SEARCH_PATHS = (
					"$(inherited)",
					"@executable_path/Frameworks",
				);
				PRODUCT_BUNDLE_IDENTIFIER = com.seunggom.checkmoney;
				PRODUCT_NAME = "$(TARGET_NAME)";
				PROVISIONING_PROFILE_SPECIFIER = "";
				SWIFT_VERSION = 5.0;
				TARGETED_DEVICE_FAMILY = "1,2";
			};
			name = Debug;
		};
		687F5A2D27216E9D00288E61 /* Release */ = {
			isa = XCBuildConfiguration;
			baseConfigurationReference = CEA78EA3D8EC0A4761EB28FC /* Pods-CheckMoney.release.xcconfig */;
			buildSettings = {
				ASSETCATALOG_COMPILER_APPICON_NAME = AppIcon;
				ASSETCATALOG_COMPILER_GLOBAL_ACCENT_COLOR_NAME = AccentColor;
				CODE_SIGN_IDENTITY = "Apple Development";
				CODE_SIGN_STYLE = Automatic;
				DEVELOPMENT_TEAM = 5F6YMLHCZC;
				INFOPLIST_FILE = CheckMoney/Info.plist;
				LD_RUNPATH_SEARCH_PATHS = (
					"$(inherited)",
					"@executable_path/Frameworks",
				);
				PRODUCT_BUNDLE_IDENTIFIER = com.seunggom.checkmoney;
				PRODUCT_NAME = "$(TARGET_NAME)";
				PROVISIONING_PROFILE_SPECIFIER = "";
				SWIFT_VERSION = 5.0;
				TARGETED_DEVICE_FAMILY = "1,2";
			};
			name = Release;
		};
/* End XCBuildConfiguration section */

/* Begin XCConfigurationList section */
		687F5A1227216E9D00288E61 /* Build configuration list for PBXProject "CheckMoney" */ = {
			isa = XCConfigurationList;
			buildConfigurations = (
				687F5A2927216E9D00288E61 /* Debug */,
				687F5A2A27216E9D00288E61 /* Release */,
			);
			defaultConfigurationIsVisible = 0;
			defaultConfigurationName = Release;
		};
		687F5A2B27216E9D00288E61 /* Build configuration list for PBXNativeTarget "CheckMoney" */ = {
			isa = XCConfigurationList;
			buildConfigurations = (
				687F5A2C27216E9D00288E61 /* Debug */,
				687F5A2D27216E9D00288E61 /* Release */,
			);
			defaultConfigurationIsVisible = 0;
			defaultConfigurationName = Release;
		};
/* End XCConfigurationList section */
	};
	rootObject = 687F5A0F27216E9C00288E61 /* Project object */;
}
